// !$*UTF8*$!
{
	archiveVersion = 1;
	classes = {
	};
	objectVersion = 46;
	objects = {

/* Begin PBXBuildFile section */
		5AF6C52C1BDBF73A00566EEC /* AppDelegate.swift in Sources */ = {isa = PBXBuildFile; fileRef = 5AF6C52B1BDBF73A00566EEC /* AppDelegate.swift */; };
		5AF6C52E1BDBF73A00566EEC /* ViewController.swift in Sources */ = {isa = PBXBuildFile; fileRef = 5AF6C52D1BDBF73A00566EEC /* ViewController.swift */; };
		5AF6C5311BDBF73A00566EEC /* Main.storyboard in Resources */ = {isa = PBXBuildFile; fileRef = 5AF6C52F1BDBF73A00566EEC /* Main.storyboard */; };
		5AF6C5331BDBF73A00566EEC /* Assets.xcassets in Resources */ = {isa = PBXBuildFile; fileRef = 5AF6C5321BDBF73A00566EEC /* Assets.xcassets */; };
		5AF6C5361BDBF73A00566EEC /* LaunchScreen.storyboard in Resources */ = {isa = PBXBuildFile; fileRef = 5AF6C5341BDBF73A00566EEC /* LaunchScreen.storyboard */; };
/* End PBXBuildFile section */

/* Begin PBXFileReference section */
		5AF6C5281BDBF73A00566EEC /* MyWeather.app */ = {isa = PBXFileReference; explicitFileType = wrapper.application; includeInIndex = 0; path = MyWeather.app; sourceTree = BUILT_PRODUCTS_DIR; };
		5AF6C52B1BDBF73A00566EEC /* AppDelegate.swift */ = {isa = PBXFileReference; lastKnownFileType = sourcecode.swift; path = AppDelegate.swift; sourceTree = "<group>"; };
		5AF6C52D1BDBF73A00566EEC /* ViewController.swift */ = {isa = PBXFileReference; lastKnownFileType = sourcecode.swift; path = ViewController.swift; sourceTree = "<group>"; };
		5AF6C5301BDBF73A00566EEC /* Base */ = {isa = PBXFileReference; lastKnownFileType = file.storyboard; name = Base; path = Base.lproj/Main.storyboard; sourceTree = "<group>"; };
		5AF6C5321BDBF73A00566EEC /* Assets.xcassets */ = {isa = PBXFileReference; lastKnownFileType = folder.assetcatalog; path = Assets.xcassets; sourceTree = "<group>"; };
		5AF6C5351BDBF73A00566EEC /* Base */ = {isa = PBXFileReference; lastKnownFileType = file.storyboard; name = Base; path = Base.lproj/LaunchScreen.storyboard; sourceTree = "<group>"; };
		5AF6C5371BDBF73A00566EEC /* Info.plist */ = {isa = PBXFileReference; lastKnownFileType = text.plist.xml; path = Info.plist; sourceTree = "<group>"; };
/* End PBXFileReference section */

/* Begin PBXFrameworksBuildPhase section */
		5AF6C5251BDBF73A00566EEC /* Frameworks */ = {
			isa = PBXFrameworksBuildPhase;
			buildActionMask = 2147483647;
			files = (
			);
			runOnlyForDeploymentPostprocessing = 0;
		};
/* End PBXFrameworksBuildPhase section */

/* Begin PBXGroup section */
		5AF6C51F1BDBF73A00566EEC = {
			isa = PBXGroup;
			children = (
				5AF6C52A1BDBF73A00566EEC /* MyWeather */,
				5AF6C5291BDBF73A00566EEC /* Products */,
			);
			sourceTree = "<group>";
		};
		5AF6C5291BDBF73A00566EEC /* Products */ = {
			isa = PBXGroup;
			children = (
				5AF6C5281BDBF73A00566EEC /* MyWeather.app */,
			);
			name = Products;
			sourceTree = "<group>";
		};
		5AF6C52A1BDBF73A00566EEC /* MyWeather */ = {
			isa = PBXGroup;
			children = (
				5AF6C52B1BDBF73A00566EEC /* AppDelegate.swift */,
				5AF6C52D1BDBF73A00566EEC /* ViewController.swift */,
				5AF6C52F1BDBF73A00566EEC /* Main.storyboard */,
				5AF6C5321BDBF73A00566EEC /* Assets.xcassets */,
				5AF6C5341BDBF73A00566EEC /* LaunchScreen.storyboard */,
				5AF6C5371BDBF73A00566EEC /* Info.plist */,
			);
			path = MyWeather;
			sourceTree = "<group>";
		};
/* End PBXGroup section */

/* Begin PBXNativeTarget section */
		5AF6C5271BDBF73A00566EEC /* MyWeather */ = {
			isa = PBXNativeTarget;
			buildConfigurationList = 5AF6C53A1BDBF73A00566EEC /* Build configuration list for PBXNativeTarget "MyWeather" */;
			buildPhases = (
				5AF6C5241BDBF73A00566EEC /* Sources */,
				5AF6C5251BDBF73A00566EEC /* Frameworks */,
				5AF6C5261BDBF73A00566EEC /* Resources */,
			);
			buildRules = (
			);
			dependencies = (
			);
			name = MyWeather;
			productName = MyWeather;
			productReference = 5AF6C5281BDBF73A00566EEC /* MyWeather.app */;
			productType = "com.apple.product-type.application";
		};
/* End PBXNativeTarget section */

/* Begin PBXProject section */
		5AF6C5201BDBF73A00566EEC /* Project object */ = {
			isa = PBXProject;
			attributes = {
				LastUpgradeCheck = 0700;
				ORGANIZATIONNAME = liusicheng;
				TargetAttributes = {
					5AF6C5271BDBF73A00566EEC = {
						CreatedOnToolsVersion = 7.0;
						DevelopmentTeam = S2RKF5N28L;
					};
				};
			};
			buildConfigurationList = 5AF6C5231BDBF73A00566EEC /* Build configuration list for PBXProject "MyWeather" */;
			compatibilityVersion = "Xcode 3.2";
			developmentRegion = English;
			hasScannedForEncodings = 0;
			knownRegions = (
				en,
				Base,
			);
			mainGroup = 5AF6C51F1BDBF73A00566EEC;
			productRefGroup = 5AF6C5291BDBF73A00566EEC /* Products */;
			projectDirPath = "";
			projectRoot = "";
			targets = (
				5AF6C5271BDBF73A00566EEC /* MyWeather */,
			);
		};
/* End PBXProject section */

/* Begin PBXResourcesBuildPhase section */
		5AF6C5261BDBF73A00566EEC /* Resources */ = {
			isa = PBXResourcesBuildPhase;
			buildActionMask = 2147483647;
			files = (
				5AF6C5361BDBF73A00566EEC /* LaunchScreen.storyboard in Resources */,
				5AF6C5331BDBF73A00566EEC /* Assets.xcassets in Resources */,
				5AF6C5311BDBF73A00566EEC /* Main.storyboard in Resources */,
			);
			runOnlyForDeploymentPostprocessing = 0;
		};
/* End PBXResourcesBuildPhase section */

/* Begin PBXSourcesBuildPhase section */
		5AF6C5241BDBF73A00566EEC /* Sources */ = {
			isa = PBXSourcesBuildPhase;
			buildActionMask = 2147483647;
			files = (
				5AF6C52E1BDBF73A00566EEC /* ViewController.swift in Sources */,
				5AF6C52C1BDBF73A00566EEC /* AppDelegate.swift in Sources */,
			);
			runOnlyForDeploymentPostprocessing = 0;
		};
/* End PBXSourcesBuildPhase section */

/* Begin PBXVariantGroup section */
		5AF6C52F1BDBF73A00566EEC /* Main.storyboard */ = {
			isa = PBXVariantGroup;
			children = (
				5AF6C5301BDBF73A00566EEC /* Base */,
			);
			name = Main.storyboard;
			sourceTree = "<group>";
		};
		5AF6C5341BDBF73A00566EEC /* LaunchScreen.storyboard */ = {
			isa = PBXVariantGroup;
			children = (
				5AF6C5351BDBF73A00566EEC /* Base */,
			);
			name = LaunchScreen.storyboard;
			sourceTree = "<group>";
		};
/* End PBXVariantGroup section */

/* Begin XCBuildConfiguration section */
		5AF6C5381BDBF73A00566EEC /* Debug */ = {
			isa = XCBuildConfiguration;
			buildSettings = {
				ALWAYS_SEARCH_USER_PATHS = NO;
				CLANG_CXX_LANGUAGE_STANDARD = "gnu++0x";
				CLANG_CXX_LIBRARY = "libc++";
				CLANG_ENABLE_MODULES = YES;
				CLANG_ENABLE_OBJC_ARC = YES;
				CLANG_WARN_BOOL_CONVERSION = YES;
				CLANG_WARN_CONSTANT_CONVERSION = YES;
				CLANG_WARN_DIRECT_OBJC_ISA_USAGE = YES_ERROR;
				CLANG_WARN_EMPTY_BODY = YES;
				CLANG_WARN_ENUM_CONVERSION = YES;
				CLANG_WARN_INT_CONVERSION = YES;
				CLANG_WARN_OBJC_ROOT_CLASS = YES_ERROR;
				CLANG_WARN_UNREACHABLE_CODE = YES;
				CLANG_WARN__DUPLICATE_METHOD_MATCH = YES;
				"CODE_SIGN_IDENTITY[sdk=iphoneos*]" = "iPhone Developer";
				COPY_PHASE_STRIP = NO;
				DEBUG_INFORMATION_FORMAT = dwarf;
				ENABLE_STRICT_OBJC_MSGSEND = YES;
				ENABLE_TESTABILITY = YES;
				GCC_C_LANGUAGE_STANDARD = gnu99;
				GCC_DYNAMIC_NO_PIC = NO;
				GCC_NO_COMMON_BLOCKS = YES;
				GCC_OPTIMIZATION_LEVEL = 0;
				GCC_PREPROCESSOR_DEFINITIONS = (
					"DEBUG=1",
					"$(inherited)",
				);
				GCC_WARN_64_TO_32_BIT_CONVERSION = YES;
				GCC_WARN_ABOUT_RETURN_TYPE = YES_ERROR;
				GCC_WARN_UNDECLARED_SELECTOR = YES;
				GCC_WARN_UNINITIALIZED_AUTOS = YES_AGGRESSIVE;
				GCC_WARN_UNUSED_FUNCTION = YES;
				GCC_WARN_UNUSED_VARIABLE = YES;
				IPHONEOS_DEPLOYMENT_TARGET = 9.0;
				MTL_ENABLE_DEBUG_INFO = YES;
				ONLY_ACTIVE_ARCH = YES;
				SDKROOT = iphoneos;
				SWIFT_OPTIMIZATION_LEVEL = "-Onone";
			};
			name = Debug;
		};
		5AF6C5391BDBF73A00566EEC /* Release */ = {
			isa = XCBuildConfiguration;
			buildSettings = {
				ALWAYS_SEARCH_USER_PATHS = NO;
				CLANG_CXX_LANGUAGE_STANDARD = "gnu++0x";
				CLANG_CXX_LIBRARY = "libc++";
				CLANG_ENABLE_MODULES = YES;
				CLANG_ENABLE_OBJC_ARC = YES;
				CLANG_WARN_BOOL_CONVERSION = YES;
				CLANG_WARN_CONSTANT_CONVERSION = YES;
				CLANG_WARN_DIRECT_OBJC_ISA_USAGE = YES_ERROR;
				CLANG_WARN_EMPTY_BODY = YES;
				CLANG_WARN_ENUM_CONVERSION = YES;
				CLANG_WARN_INT_CONVERSION = YES;
				CLANG_WARN_OBJC_ROOT_CLASS = YES_ERROR;
				CLANG_WARN_UNREACHABLE_CODE = YES;
				CLANG_WARN__DUPLICATE_METHOD_MATCH = YES;
				"CODE_SIGN_IDENTITY[sdk=iphoneos*]" = "iPhone Developer";
				COPY_PHASE_STRIP = NO;
				DEBUG_INFORMATION_FORMAT = "dwarf-with-dsym";
				ENABLE_NS_ASSERTIONS = NO;
				ENABLE_STRICT_OBJC_MSGSEND = YES;
				GCC_C_LANGUAGE_STANDARD = gnu99;
				GCC_NO_COMMON_BLOCKS = YES;
				GCC_WARN_64_TO_32_BIT_CONVERSION = YES;
				GCC_WARN_ABOUT_RETURN_TYPE = YES_ERROR;
				GCC_WARN_UNDECLARED_SELECTOR = YES;
				GCC_WARN_UNINITIALIZED_AUTOS = YES_AGGRESSIVE;
				GCC_WARN_UNUSED_FUNCTION = YES;
				GCC_WARN_UNUSED_VARIABLE = YES;
				IPHONEOS_DEPLOYMENT_TARGET = 9.0;
				MTL_ENABLE_DEBUG_INFO = NO;
				SDKROOT = iphoneos;
				VALIDATE_PRODUCT = YES;
			};
			name = Release;
		};
		5AF6C53B1BDBF73A00566EEC /* Debug */ = {
			isa = XCBuildConfiguration;
			buildSettings = {
				ASSETCATALOG_COMPILER_APPICON_NAME = AppIcon;
				INFOPLIST_FILE = MyWeather/Info.plist;
				LD_RUNPATH_SEARCH_PATHS = "$(inherited) @executable_path/Frameworks";
				PRODUCT_BUNDLE_IDENTIFIER = com.liusicheng.MyWeather;
				PRODUCT_NAME = "$(TARGET_NAME)";
			};
			name = Debug;
		};
		5AF6C53C1BDBF73A00566EEC /* Release */ = {
			isa = XCBuildConfiguration;
			buildSettings = {
				ASSETCATALOG_COMPILER_APPICON_NAME = AppIcon;
				INFOPLIST_FILE = MyWeather/Info.plist;
				LD_RUNPATH_SEARCH_PATHS = "$(inherited) @executable_path/Frameworks";
				PRODUCT_BUNDLE_IDENTIFIER = com.liusicheng.MyWeather;
				PRODUCT_NAME = "$(TARGET_NAME)";
			};
			name = Release;
		};
/* End XCBuildConfiguration section */

/* Begin XCConfigurationList section */
		5AF6C5231BDBF73A00566EEC /* Build configuration list for PBXProject "MyWeather" */ = {
			isa = XCConfigurationList;
			buildConfigurations = (
				5AF6C5381BDBF73A00566EEC /* Debug */,
				5AF6C5391BDBF73A00566EEC /* Release */,
			);
			defaultConfigurationIsVisible = 0;
			defaultConfigurationName = Release;
		};
		5AF6C53A1BDBF73A00566EEC /* Build configuration list for PBXNativeTarget "MyWeather" */ = {
			isa = XCConfigurationList;
			buildConfigurations = (
				5AF6C53B1BDBF73A00566EEC /* Debug */,
				5AF6C53C1BDBF73A00566EEC /* Release */,
			);
			defaultConfigurationIsVisible = 0;
		};
/* End XCConfigurationList section */
	};
	rootObject = 5AF6C5201BDBF73A00566EEC /* Project object */;
}
